{
  "requires": true,
  "lockfileVersion": 1,
  "dependencies": {
    "@ionic-native/core": {
      "version": "5.0.0",
      "resolved": "https://registry.npmjs.org/@ionic-native/core/-/core-5.0.0.tgz",
      "integrity": "sha512-qtshWPo+CMq9ZoDGcg+1XF1+k2ASm0sLtZsIbXmYo5X82Q9cUhjk95X9BqHnjXHOdIWk4J/D3ot0/vzmMTNdbA==",
      "requires": {
        "@types/cordova": "^0.0.34"
      }
    },
    "@ionic-native/google-maps": {
      "version": "5.0.0-beta.27",
      "resolved": "https://registry.npmjs.org/@ionic-native/google-maps/-/google-maps-5.0.0-beta.27.tgz",
      "integrity": "sha512-ifVuI3fPt1D9+Fqu6vYyCYdNEI45/S6BRUM1PB0qhs26MbfEXwQvt2tTdw1CITLoBxqzgQcGgh/PadzdeA1xhg==",
      "requires": {
        "@types/cordova": "^0.0.34"
      }
    },
    "@types/cordova": {
      "version": "0.0.34",
      "resolved": "https://registry.npmjs.org/@types/cordova/-/cordova-0.0.34.tgz",
      "integrity": "sha1-6nrd907Ow9dimCegw54smt3HPQQ="
    }
  }
}
